
Microsoft Visual Studio Solution File, Format Version 12.00
# Visual Studio Version 16
VisualStudioVersion = 16.0.30711.63
MinimumVisualStudioVersion = 10.0.40219.1
Project("{FAE04EC0-301F-11D3-BF4B-00C04F79EFBC}") = "TN230_BatDongSan", "TN230_BatDongSan\TN230_BatDongSan.csproj", "{DBE9F61A-9CEC-44B9-AF79-B60E26231ED1}"
EndProject
Global
	GlobalSection(SolutionConfigurationPlatforms) = preSolution
		Debug|Any CPU = Debug|Any CPU
		Release|Any CPU = Release|Any CPU
	EndGlobalSection
	GlobalSection(ProjectConfigurationPlatforms) = postSolution
		{DBE9F61A-9CEC-44B9-AF79-B60E26231ED1}.Debug|Any CPU.ActiveCfg = Debug|Any CPU
		{DBE9F61A-9CEC-44B9-AF79-B60E26231ED1}.Debug|Any CPU.Build.0 = Debug|Any CPU
		{DBE9F61A-9CEC-44B9-AF79-B60E26231ED1}.Release|Any CPU.ActiveCfg = Release|Any CPU
		{DBE9F61A-9CEC-44B9-AF79-B60E26231ED1}.Release|Any CPU.Build.0 = Release|Any CPU
	EndGlobalSection
	GlobalSection(SolutionProperties) = preSolution
		HideSolutionNode = FALSE
	EndGlobalSection
	GlobalSection(ExtensibilityGlobals) = postSolution
		SolutionGuid = {2281AF3A-8239-45EF-A25F-D105D71E55E6}
	EndGlobalSection
EndGlobal
